
Microsoft Visual Studio Solution File, Format Version 12.00
# Visual Studio Version 17
VisualStudioVersion = 17.3.32929.385
MinimumVisualStudioVersion = 10.0.40219.1
Project("{FAE04EC0-301F-11D3-BF4B-00C04F79EFBC}") = "TestAppWeb", "TestAppWeb\TestAppWeb.csproj", "{A3066C14-23D6-48E5-901B-3AB2A8A5C00E}"
EndProject
Global
	GlobalSection(SolutionConfigurationPlatforms) = preSolution
		Debug|Any CPU = Debug|Any CPU
		Release|Any CPU = Release|Any CPU
	EndGlobalSection
	GlobalSection(ProjectConfigurationPlatforms) = postSolution
		{A3066C14-23D6-48E5-901B-3AB2A8A5C00E}.Debug|Any CPU.ActiveCfg = Debug|Any CPU
		{A3066C14-23D6-48E5-901B-3AB2A8A5C00E}.Debug|Any CPU.Build.0 = Debug|Any CPU
		{A3066C14-23D6-48E5-901B-3AB2A8A5C00E}.Release|Any CPU.ActiveCfg = Release|Any CPU
		{A3066C14-23D6-48E5-901B-3AB2A8A5C00E}.Release|Any CPU.Build.0 = Release|Any CPU
	EndGlobalSection
	GlobalSection(SolutionProperties) = preSolution
		HideSolutionNode = FALSE
	EndGlobalSection
	GlobalSection(ExtensibilityGlobals) = postSolution
		SolutionGuid = {3EE446ED-01BE-4618-ADFF-83DE47EBA778}
	EndGlobalSection
EndGlobal
